
Microsoft Visual Studio Solution File, Format Version 12.00
# Visual Studio Version 17
VisualStudioVersion = 17.0.31912.275
MinimumVisualStudioVersion = 10.0.40219.1
Project("{FAE04EC0-301F-11D3-BF4B-00C04F79EFBC}") = "autohotkeygen", "autohotkeygen\autohotkeygen.csproj", "{4A82AB27-F91F-4FCF-8264-A5799563151A}"
EndProject
Global
	GlobalSection(SolutionConfigurationPlatforms) = preSolution
		Debug|Any CPU = Debug|Any CPU
		Release|Any CPU = Release|Any CPU
	EndGlobalSection
	GlobalSection(ProjectConfigurationPlatforms) = postSolution
		{4A82AB27-F91F-4FCF-8264-A5799563151A}.Debug|Any CPU.ActiveCfg = Debug|Any CPU
		{4A82AB27-F91F-4FCF-8264-A5799563151A}.Debug|Any CPU.Build.0 = Debug|Any CPU
		{4A82AB27-F91F-4FCF-8264-A5799563151A}.Release|Any CPU.ActiveCfg = Release|Any CPU
		{4A82AB27-F91F-4FCF-8264-A5799563151A}.Release|Any CPU.Build.0 = Release|Any CPU
	EndGlobalSection
	GlobalSection(SolutionProperties) = preSolution
		HideSolutionNode = FALSE
	EndGlobalSection
	GlobalSection(ExtensibilityGlobals) = postSolution
		SolutionGuid = {54DD1752-45F8-49ED-A7DA-9CA731FFB955}
	EndGlobalSection
EndGlobal
