
Microsoft Visual Studio Solution File, Format Version 12.00
# Visual Studio Version 17
VisualStudioVersion = 17.0.31912.275
MinimumVisualStudioVersion = 10.0.40219.1
Project("{FAE04EC0-301F-11D3-BF4B-00C04F79EFBC}") = "autohotkeygen_win", "autohotkeygen_win\autohotkeygen_win.csproj", "{08D3C4A1-DB4B-492A-9DA2-BEEE77A11E3A}"
EndProject
Global
	GlobalSection(SolutionConfigurationPlatforms) = preSolution
		Debug|Any CPU = Debug|Any CPU
		Release|Any CPU = Release|Any CPU
	EndGlobalSection
	GlobalSection(ProjectConfigurationPlatforms) = postSolution
		{08D3C4A1-DB4B-492A-9DA2-BEEE77A11E3A}.Debug|Any CPU.ActiveCfg = Debug|Any CPU
		{08D3C4A1-DB4B-492A-9DA2-BEEE77A11E3A}.Debug|Any CPU.Build.0 = Debug|Any CPU
		{08D3C4A1-DB4B-492A-9DA2-BEEE77A11E3A}.Release|Any CPU.ActiveCfg = Release|Any CPU
		{08D3C4A1-DB4B-492A-9DA2-BEEE77A11E3A}.Release|Any CPU.Build.0 = Release|Any CPU
	EndGlobalSection
	GlobalSection(SolutionProperties) = preSolution
		HideSolutionNode = FALSE
	EndGlobalSection
	GlobalSection(ExtensibilityGlobals) = postSolution
		SolutionGuid = {D9FA1C41-9534-4887-8618-8BE27A25AFC6}
	EndGlobalSection
EndGlobal
